// !$*UTF8*$!
{
	archiveVersion = 1;
	classes = {
	};
	objectVersion = 55;
	objects = {

/* Begin PBXBuildFile section */
		D0DF5D35270CC3CB009374E7 /* AppDelegate.swift in Sources */ = {isa = PBXBuildFile; fileRef = D0DF5D34270CC3CB009374E7 /* AppDelegate.swift */; };
		D0DF5D37270CC3CB009374E7 /* SceneDelegate.swift in Sources */ = {isa = PBXBuildFile; fileRef = D0DF5D36270CC3CB009374E7 /* SceneDelegate.swift */; };
		D0DF5D39270CC3CB009374E7 /* EventsViewController.swift in Sources */ = {isa = PBXBuildFile; fileRef = D0DF5D38270CC3CB009374E7 /* EventsViewController.swift */; };
		D0DF5D3C270CC3CB009374E7 /* Main.storyboard in Resources */ = {isa = PBXBuildFile; fileRef = D0DF5D3A270CC3CB009374E7 /* Main.storyboard */; };
		D0DF5D3E270CC3D2009374E7 /* Assets.xcassets in Resources */ = {isa = PBXBuildFile; fileRef = D0DF5D3D270CC3D2009374E7 /* Assets.xcassets */; };
		D0DF5D41270CC3D2009374E7 /* LaunchScreen.storyboard in Resources */ = {isa = PBXBuildFile; fileRef = D0DF5D3F270CC3D2009374E7 /* LaunchScreen.storyboard */; };
		D0DF5D49270CC540009374E7 /* ScheduleViewController.swift in Sources */ = {isa = PBXBuildFile; fileRef = D0DF5D48270CC540009374E7 /* ScheduleViewController.swift */; };
		D0DF5D4B270CC636009374E7 /* DashboardTabBarController.swift in Sources */ = {isa = PBXBuildFile; fileRef = D0DF5D4A270CC636009374E7 /* DashboardTabBarController.swift */; };
		D0DF5D4F270CEF22009374E7 /* APIClient.swift in Sources */ = {isa = PBXBuildFile; fileRef = D0DF5D4E270CEF22009374E7 /* APIClient.swift */; };
		D0DF5D51270CF0CC009374E7 /* Event.swift in Sources */ = {isa = PBXBuildFile; fileRef = D0DF5D50270CF0CC009374E7 /* Event.swift */; };
		D0DF5D54270CF274009374E7 /* Schedule.swift in Sources */ = {isa = PBXBuildFile; fileRef = D0DF5D53270CF274009374E7 /* Schedule.swift */; };
		D0DF5D56270CFDF0009374E7 /* EventViewModel.swift in Sources */ = {isa = PBXBuildFile; fileRef = D0DF5D55270CFDF0009374E7 /* EventViewModel.swift */; };
/* End PBXBuildFile section */

/* Begin PBXFileReference section */
		D0DF5D31270CC3CB009374E7 /* SportPlayer.app */ = {isa = PBXFileReference; explicitFileType = wrapper.application; includeInIndex = 0; path = SportPlayer.app; sourceTree = BUILT_PRODUCTS_DIR; };
		D0DF5D34270CC3CB009374E7 /* AppDelegate.swift */ = {isa = PBXFileReference; lastKnownFileType = sourcecode.swift; path = AppDelegate.swift; sourceTree = "<group>"; };
		D0DF5D36270CC3CB009374E7 /* SceneDelegate.swift */ = {isa = PBXFileReference; lastKnownFileType = sourcecode.swift; path = SceneDelegate.swift; sourceTree = "<group>"; };
		D0DF5D38270CC3CB009374E7 /* EventsViewController.swift */ = {isa = PBXFileReference; lastKnownFileType = sourcecode.swift; path = EventsViewController.swift; sourceTree = "<group>"; };
		D0DF5D3B270CC3CB009374E7 /* Base */ = {isa = PBXFileReference; lastKnownFileType = file.storyboard; name = Base; path = Base.lproj/Main.storyboard; sourceTree = "<group>"; };
		D0DF5D3D270CC3D2009374E7 /* Assets.xcassets */ = {isa = PBXFileReference; lastKnownFileType = folder.assetcatalog; path = Assets.xcassets; sourceTree = "<group>"; };
		D0DF5D40270CC3D2009374E7 /* Base */ = {isa = PBXFileReference; lastKnownFileType = file.storyboard; name = Base; path = Base.lproj/LaunchScreen.storyboard; sourceTree = "<group>"; };
		D0DF5D42270CC3D2009374E7 /* Info.plist */ = {isa = PBXFileReference; lastKnownFileType = text.plist.xml; path = Info.plist; sourceTree = "<group>"; };
		D0DF5D48270CC540009374E7 /* ScheduleViewController.swift */ = {isa = PBXFileReference; lastKnownFileType = sourcecode.swift; path = ScheduleViewController.swift; sourceTree = "<group>"; };
		D0DF5D4A270CC636009374E7 /* DashboardTabBarController.swift */ = {isa = PBXFileReference; lastKnownFileType = sourcecode.swift; path = DashboardTabBarController.swift; sourceTree = "<group>"; };
		D0DF5D4E270CEF22009374E7 /* APIClient.swift */ = {isa = PBXFileReference; lastKnownFileType = sourcecode.swift; path = APIClient.swift; sourceTree = "<group>"; };
		D0DF5D50270CF0CC009374E7 /* Event.swift */ = {isa = PBXFileReference; lastKnownFileType = sourcecode.swift; path = Event.swift; sourceTree = "<group>"; };
		D0DF5D53270CF274009374E7 /* Schedule.swift */ = {isa = PBXFileReference; lastKnownFileType = sourcecode.swift; path = Schedule.swift; sourceTree = "<group>"; };
		D0DF5D55270CFDF0009374E7 /* EventViewModel.swift */ = {isa = PBXFileReference; lastKnownFileType = sourcecode.swift; path = EventViewModel.swift; sourceTree = "<group>"; };
/* End PBXFileReference section */

/* Begin PBXFrameworksBuildPhase section */
		D0DF5D2E270CC3CB009374E7 /* Frameworks */ = {
			isa = PBXFrameworksBuildPhase;
			buildActionMask = 2147483647;
			files = (
			);
			runOnlyForDeploymentPostprocessing = 0;
		};
/* End PBXFrameworksBuildPhase section */

/* Begin PBXGroup section */
		D0DF5D28270CC3CB009374E7 = {
			isa = PBXGroup;
			children = (
				D0DF5D33270CC3CB009374E7 /* SportPlayer */,
				D0DF5D32270CC3CB009374E7 /* Products */,
			);
			sourceTree = "<group>";
		};
		D0DF5D32270CC3CB009374E7 /* Products */ = {
			isa = PBXGroup;
			children = (
				D0DF5D31270CC3CB009374E7 /* SportPlayer.app */,
			);
			name = Products;
			sourceTree = "<group>";
		};
		D0DF5D33270CC3CB009374E7 /* SportPlayer */ = {
			isa = PBXGroup;
			children = (
				D0DF5D57270CFDFE009374E7 /* ViewModels */,
				D0DF5D52270CF0D4009374E7 /* Model */,
				D0DF5D4D270CEEB5009374E7 /* Services */,
				D0DF5D34270CC3CB009374E7 /* AppDelegate.swift */,
				D0DF5D36270CC3CB009374E7 /* SceneDelegate.swift */,
				D0DF5D4C270CE22E009374E7 /* Controllers */,
				D0DF5D3A270CC3CB009374E7 /* Main.storyboard */,
				D0DF5D3D270CC3D2009374E7 /* Assets.xcassets */,
				D0DF5D3F270CC3D2009374E7 /* LaunchScreen.storyboard */,
				D0DF5D42270CC3D2009374E7 /* Info.plist */,
			);
			path = SportPlayer;
			sourceTree = "<group>";
		};
		D0DF5D4C270CE22E009374E7 /* Controllers */ = {
			isa = PBXGroup;
			children = (
				D0DF5D4A270CC636009374E7 /* DashboardTabBarController.swift */,
				D0DF5D48270CC540009374E7 /* ScheduleViewController.swift */,
				D0DF5D38270CC3CB009374E7 /* EventsViewController.swift */,
			);
			path = Controllers;
			sourceTree = "<group>";
		};
		D0DF5D4D270CEEB5009374E7 /* Services */ = {
			isa = PBXGroup;
			children = (
				D0DF5D4E270CEF22009374E7 /* APIClient.swift */,
			);
			path = Services;
			sourceTree = "<group>";
		};
		D0DF5D52270CF0D4009374E7 /* Model */ = {
			isa = PBXGroup;
			children = (
				D0DF5D50270CF0CC009374E7 /* Event.swift */,
				D0DF5D53270CF274009374E7 /* Schedule.swift */,
			);
			path = Model;
			sourceTree = "<group>";
		};
		D0DF5D57270CFDFE009374E7 /* ViewModels */ = {
			isa = PBXGroup;
			children = (
				D0DF5D55270CFDF0009374E7 /* EventViewModel.swift */,
			);
			path = ViewModels;
			sourceTree = "<group>";
		};
/* End PBXGroup section */

/* Begin PBXNativeTarget section */
		D0DF5D30270CC3CB009374E7 /* SportPlayer */ = {
			isa = PBXNativeTarget;
			buildConfigurationList = D0DF5D45270CC3D2009374E7 /* Build configuration list for PBXNativeTarget "SportPlayer" */;
			buildPhases = (
				D0DF5D2D270CC3CB009374E7 /* Sources */,
				D0DF5D2E270CC3CB009374E7 /* Frameworks */,
				D0DF5D2F270CC3CB009374E7 /* Resources */,
			);
			buildRules = (
			);
			dependencies = (
			);
			name = SportPlayer;
			productName = SportPlayer;
			productReference = D0DF5D31270CC3CB009374E7 /* SportPlayer.app */;
			productType = "com.apple.product-type.application";
		};
/* End PBXNativeTarget section */

/* Begin PBXProject section */
		D0DF5D29270CC3CB009374E7 /* Project object */ = {
			isa = PBXProject;
			attributes = {
				BuildIndependentTargetsInParallel = 1;
				LastSwiftUpdateCheck = 1300;
				LastUpgradeCheck = 1300;
				TargetAttributes = {
					D0DF5D30270CC3CB009374E7 = {
						CreatedOnToolsVersion = 13.0;
					};
				};
			};
			buildConfigurationList = D0DF5D2C270CC3CB009374E7 /* Build configuration list for PBXProject "SportPlayer" */;
			compatibilityVersion = "Xcode 13.0";
			developmentRegion = en;
			hasScannedForEncodings = 0;
			knownRegions = (
				en,
				Base,
			);
			mainGroup = D0DF5D28270CC3CB009374E7;
			productRefGroup = D0DF5D32270CC3CB009374E7 /* Products */;
			projectDirPath = "";
			projectRoot = "";
			targets = (
				D0DF5D30270CC3CB009374E7 /* SportPlayer */,
			);
		};
/* End PBXProject section */

/* Begin PBXResourcesBuildPhase section */
		D0DF5D2F270CC3CB009374E7 /* Resources */ = {
			isa = PBXResourcesBuildPhase;
			buildActionMask = 2147483647;
			files = (
				D0DF5D41270CC3D2009374E7 /* LaunchScreen.storyboard in Resources */,
				D0DF5D3E270CC3D2009374E7 /* Assets.xcassets in Resources */,
				D0DF5D3C270CC3CB009374E7 /* Main.storyboard in Resources */,
			);
			runOnlyForDeploymentPostprocessing = 0;
		};
/* End PBXResourcesBuildPhase section */

/* Begin PBXSourcesBuildPhase section */
		D0DF5D2D270CC3CB009374E7 /* Sources */ = {
			isa = PBXSourcesBuildPhase;
			buildActionMask = 2147483647;
			files = (
				D0DF5D39270CC3CB009374E7 /* EventsViewController.swift in Sources */,
				D0DF5D56270CFDF0009374E7 /* EventViewModel.swift in Sources */,
				D0DF5D4B270CC636009374E7 /* DashboardTabBarController.swift in Sources */,
				D0DF5D35270CC3CB009374E7 /* AppDelegate.swift in Sources */,
				D0DF5D37270CC3CB009374E7 /* SceneDelegate.swift in Sources */,
				D0DF5D51270CF0CC009374E7 /* Event.swift in Sources */,
				D0DF5D49270CC540009374E7 /* ScheduleViewController.swift in Sources */,
				D0DF5D54270CF274009374E7 /* Schedule.swift in Sources */,
				D0DF5D4F270CEF22009374E7 /* APIClient.swift in Sources */,
			);
			runOnlyForDeploymentPostprocessing = 0;
		};
/* End PBXSourcesBuildPhase section */

/* Begin PBXVariantGroup section */
		D0DF5D3A270CC3CB009374E7 /* Main.storyboard */ = {
			isa = PBXVariantGroup;
			children = (
				D0DF5D3B270CC3CB009374E7 /* Base */,
			);
			name = Main.storyboard;
			sourceTree = "<group>";
		};
		D0DF5D3F270CC3D2009374E7 /* LaunchScreen.storyboard */ = {
			isa = PBXVariantGroup;
			children = (
				D0DF5D40270CC3D2009374E7 /* Base */,
			);
			name = LaunchScreen.storyboard;
			sourceTree = "<group>";
		};
/* End PBXVariantGroup section */

/* Begin XCBuildConfiguration section */
		D0DF5D43270CC3D2009374E7 /* Debug */ = {
			isa = XCBuildConfiguration;
			buildSettings = {
				ALWAYS_SEARCH_USER_PATHS = NO;
				CLANG_ANALYZER_NONNULL = YES;
				CLANG_ANALYZER_NUMBER_OBJECT_CONVERSION = YES_AGGRESSIVE;
				CLANG_CXX_LANGUAGE_STANDARD = "gnu++17";
				CLANG_CXX_LIBRARY = "libc++";
				CLANG_ENABLE_MODULES = YES;
				CLANG_ENABLE_OBJC_ARC = YES;
				CLANG_ENABLE_OBJC_WEAK = YES;
				CLANG_WARN_BLOCK_CAPTURE_AUTORELEASING = YES;
				CLANG_WARN_BOOL_CONVERSION = YES;
				CLANG_WARN_COMMA = YES;
				CLANG_WARN_CONSTANT_CONVERSION = YES;
				CLANG_WARN_DEPRECATED_OBJC_IMPLEMENTATIONS = YES;
				CLANG_WARN_DIRECT_OBJC_ISA_USAGE = YES_ERROR;
				CLANG_WARN_DOCUMENTATION_COMMENTS = YES;
				CLANG_WARN_EMPTY_BODY = YES;
				CLANG_WARN_ENUM_CONVERSION = YES;
				CLANG_WARN_INFINITE_RECURSION = YES;
				CLANG_WARN_INT_CONVERSION = YES;
				CLANG_WARN_NON_LITERAL_NULL_CONVERSION = YES;
				CLANG_WARN_OBJC_IMPLICIT_RETAIN_SELF = YES;
				CLANG_WARN_OBJC_LITERAL_CONVERSION = YES;
				CLANG_WARN_OBJC_ROOT_CLASS = YES_ERROR;
				CLANG_WARN_QUOTED_INCLUDE_IN_FRAMEWORK_HEADER = YES;
				CLANG_WARN_RANGE_LOOP_ANALYSIS = YES;
				CLANG_WARN_STRICT_PROTOTYPES = YES;
				CLANG_WARN_SUSPICIOUS_MOVE = YES;
				CLANG_WARN_UNGUARDED_AVAILABILITY = YES_AGGRESSIVE;
				CLANG_WARN_UNREACHABLE_CODE = YES;
				CLANG_WARN__DUPLICATE_METHOD_MATCH = YES;
				COPY_PHASE_STRIP = NO;
				DEBUG_INFORMATION_FORMAT = dwarf;
				ENABLE_STRICT_OBJC_MSGSEND = YES;
				ENABLE_TESTABILITY = YES;
				GCC_C_LANGUAGE_STANDARD = gnu11;
				GCC_DYNAMIC_NO_PIC = NO;
				GCC_NO_COMMON_BLOCKS = YES;
				GCC_OPTIMIZATION_LEVEL = 0;
				GCC_PREPROCESSOR_DEFINITIONS = (
					"DEBUG=1",
					"$(inherited)",
				);
				GCC_WARN_64_TO_32_BIT_CONVERSION = YES;
				GCC_WARN_ABOUT_RETURN_TYPE = YES_ERROR;
				GCC_WARN_UNDECLARED_SELECTOR = YES;
				GCC_WARN_UNINITIALIZED_AUTOS = YES_AGGRESSIVE;
				GCC_WARN_UNUSED_FUNCTION = YES;
				GCC_WARN_UNUSED_VARIABLE = YES;
				IPHONEOS_DEPLOYMENT_TARGET = 13.0;
				MTL_ENABLE_DEBUG_INFO = INCLUDE_SOURCE;
				MTL_FAST_MATH = YES;
				ONLY_ACTIVE_ARCH = YES;
				SDKROOT = iphoneos;
				SWIFT_ACTIVE_COMPILATION_CONDITIONS = DEBUG;
				SWIFT_OPTIMIZATION_LEVEL = "-Onone";
			};
			name = Debug;
		};
		D0DF5D44270CC3D2009374E7 /* Release */ = {
			isa = XCBuildConfiguration;
			buildSettings = {
				ALWAYS_SEARCH_USER_PATHS = NO;
				CLANG_ANALYZER_NONNULL = YES;
				CLANG_ANALYZER_NUMBER_OBJECT_CONVERSION = YES_AGGRESSIVE;
				CLANG_CXX_LANGUAGE_STANDARD = "gnu++17";
				CLANG_CXX_LIBRARY = "libc++";
				CLANG_ENABLE_MODULES = YES;
				CLANG_ENABLE_OBJC_ARC = YES;
				CLANG_ENABLE_OBJC_WEAK = YES;
				CLANG_WARN_BLOCK_CAPTURE_AUTORELEASING = YES;
				CLANG_WARN_BOOL_CONVERSION = YES;
				CLANG_WARN_COMMA = YES;
				CLANG_WARN_CONSTANT_CONVERSION = YES;
				CLANG_WARN_DEPRECATED_OBJC_IMPLEMENTATIONS = YES;
				CLANG_WARN_DIRECT_OBJC_ISA_USAGE = YES_ERROR;
				CLANG_WARN_DOCUMENTATION_COMMENTS = YES;
				CLANG_WARN_EMPTY_BODY = YES;
				CLANG_WARN_ENUM_CONVERSION = YES;
				CLANG_WARN_INFINITE_RECURSION = YES;
				CLANG_WARN_INT_CONVERSION = YES;
				CLANG_WARN_NON_LITERAL_NULL_CONVERSION = YES;
				CLANG_WARN_OBJC_IMPLICIT_RETAIN_SELF = YES;
				CLANG_WARN_OBJC_LITERAL_CONVERSION = YES;
				CLANG_WARN_OBJC_ROOT_CLASS = YES_ERROR;
				CLANG_WARN_QUOTED_INCLUDE_IN_FRAMEWORK_HEADER = YES;
				CLANG_WARN_RANGE_LOOP_ANALYSIS = YES;
				CLANG_WARN_STRICT_PROTOTYPES = YES;
				CLANG_WARN_SUSPICIOUS_MOVE = YES;
				CLANG_WARN_UNGUARDED_AVAILABILITY = YES_AGGRESSIVE;
				CLANG_WARN_UNREACHABLE_CODE = YES;
				CLANG_WARN__DUPLICATE_METHOD_MATCH = YES;
				COPY_PHASE_STRIP = NO;
				DEBUG_INFORMATION_FORMAT = "dwarf-with-dsym";
				ENABLE_NS_ASSERTIONS = NO;
				ENABLE_STRICT_OBJC_MSGSEND = YES;
				GCC_C_LANGUAGE_STANDARD = gnu11;
				GCC_NO_COMMON_BLOCKS = YES;
				GCC_WARN_64_TO_32_BIT_CONVERSION = YES;
				GCC_WARN_ABOUT_RETURN_TYPE = YES_ERROR;
				GCC_WARN_UNDECLARED_SELECTOR = YES;
				GCC_WARN_UNINITIALIZED_AUTOS = YES_AGGRESSIVE;
				GCC_WARN_UNUSED_FUNCTION = YES;
				GCC_WARN_UNUSED_VARIABLE = YES;
				IPHONEOS_DEPLOYMENT_TARGET = 13.0;
				MTL_ENABLE_DEBUG_INFO = NO;
				MTL_FAST_MATH = YES;
				SDKROOT = iphoneos;
				SWIFT_COMPILATION_MODE = wholemodule;
				SWIFT_OPTIMIZATION_LEVEL = "-O";
				VALIDATE_PRODUCT = YES;
			};
			name = Release;
		};
		D0DF5D46270CC3D2009374E7 /* Debug */ = {
			isa = XCBuildConfiguration;
			buildSettings = {
				ASSETCATALOG_COMPILER_APPICON_NAME = AppIcon;
				ASSETCATALOG_COMPILER_GLOBAL_ACCENT_COLOR_NAME = AccentColor;
				CODE_SIGN_STYLE = Automatic;
				CURRENT_PROJECT_VERSION = 1;
				DEVELOPMENT_TEAM = UB2HCX38P3;
				GENERATE_INFOPLIST_FILE = YES;
				INFOPLIST_FILE = SportPlayer/Info.plist;
				INFOPLIST_KEY_UIApplicationSupportsIndirectInputEvents = YES;
				INFOPLIST_KEY_UILaunchStoryboardName = LaunchScreen;
				INFOPLIST_KEY_UIMainStoryboardFile = Main;
				INFOPLIST_KEY_UISupportedInterfaceOrientations_iPad = "UIInterfaceOrientationPortrait UIInterfaceOrientationPortraitUpsideDown UIInterfaceOrientationLandscapeLeft UIInterfaceOrientationLandscapeRight";
				INFOPLIST_KEY_UISupportedInterfaceOrientations_iPhone = "UIInterfaceOrientationPortrait UIInterfaceOrientationLandscapeLeft UIInterfaceOrientationLandscapeRight";
				LD_RUNPATH_SEARCH_PATHS = (
					"$(inherited)",
					"@executable_path/Frameworks",
				);
				MARKETING_VERSION = 1.0;
				PRODUCT_BUNDLE_IDENTIFIER = com.LukaszDziwosz.SportPlayer;
				PRODUCT_NAME = "$(TARGET_NAME)";
				SWIFT_EMIT_LOC_STRINGS = YES;
				SWIFT_VERSION = 5.0;
				TARGETED_DEVICE_FAMILY = "1,2";
			};
			name = Debug;
		};
		D0DF5D47270CC3D2009374E7 /* Release */ = {
			isa = XCBuildConfiguration;
			buildSettings = {
				ASSETCATALOG_COMPILER_APPICON_NAME = AppIcon;
				ASSETCATALOG_COMPILER_GLOBAL_ACCENT_COLOR_NAME = AccentColor;
				CODE_SIGN_STYLE = Automatic;
				CURRENT_PROJECT_VERSION = 1;
				DEVELOPMENT_TEAM = UB2HCX38P3;
				GENERATE_INFOPLIST_FILE = YES;
				INFOPLIST_FILE = SportPlayer/Info.plist;
				INFOPLIST_KEY_UIApplicationSupportsIndirectInputEvents = YES;
				INFOPLIST_KEY_UILaunchStoryboardName = LaunchScreen;
				INFOPLIST_KEY_UIMainStoryboardFile = Main;
				INFOPLIST_KEY_UISupportedInterfaceOrientations_iPad = "UIInterfaceOrientationPortrait UIInterfaceOrientationPortraitUpsideDown UIInterfaceOrientationLandscapeLeft UIInterfaceOrientationLandscapeRight";
				INFOPLIST_KEY_UISupportedInterfaceOrientations_iPhone = "UIInterfaceOrientationPortrait UIInterfaceOrientationLandscapeLeft UIInterfaceOrientationLandscapeRight";
				LD_RUNPATH_SEARCH_PATHS = (
					"$(inherited)",
					"@executable_path/Frameworks",
				);
				MARKETING_VERSION = 1.0;
				PRODUCT_BUNDLE_IDENTIFIER = com.LukaszDziwosz.SportPlayer;
				PRODUCT_NAME = "$(TARGET_NAME)";
				SWIFT_EMIT_LOC_STRINGS = YES;
				SWIFT_VERSION = 5.0;
				TARGETED_DEVICE_FAMILY = "1,2";
			};
			name = Release;
		};
/* End XCBuildConfiguration section */

/* Begin XCConfigurationList section */
		D0DF5D2C270CC3CB009374E7 /* Build configuration list for PBXProject "SportPlayer" */ = {
			isa = XCConfigurationList;
			buildConfigurations = (
				D0DF5D43270CC3D2009374E7 /* Debug */,
				D0DF5D44270CC3D2009374E7 /* Release */,
			);
			defaultConfigurationIsVisible = 0;
			defaultConfigurationName = Release;
		};
		D0DF5D45270CC3D2009374E7 /* Build configuration list for PBXNativeTarget "SportPlayer" */ = {
			isa = XCConfigurationList;
			buildConfigurations = (
				D0DF5D46270CC3D2009374E7 /* Debug */,
				D0DF5D47270CC3D2009374E7 /* Release */,
			);
			defaultConfigurationIsVisible = 0;
			defaultConfigurationName = Release;
		};
/* End XCConfigurationList section */
	};
	rootObject = D0DF5D29270CC3CB009374E7 /* Project object */;
}
